
Microsoft Visual Studio Solution File, Format Version 12.00
# Visual Studio 2012
Project("{FAE04EC0-301F-11D3-BF4B-00C04F79EFBC}") = "Disa.Terminal", "Disa.Terminal\Disa.Terminal.csproj", "{BA286D80-EFDC-4237-A1EF-A925BD9EC7B6}"
EndProject
Project("{FAE04EC0-301F-11D3-BF4B-00C04F79EFBC}") = "Disa.Framework", "Disa.Framework\Disa.Framework.csproj", "{9F73B5C0-CCEC-43B5-9298-E1F1D6826169}"
EndProject
Project("{FAE04EC0-301F-11D3-BF4B-00C04F79EFBC}") = "Disa.Framework.Telegram", "Disa.Framework.Telegram\Disa.Framework.Telegram.csproj", "{575DCE77-4E2E-46E0-9BB8-FA8E5C912BFA}"
EndProject
Project("{FAE04EC0-301F-11D3-BF4B-00C04F79EFBC}") = "Disa.Framework.Mobile", "Disa.Framework.Mobile\Disa.Framework.Mobile.csproj", "{82CC4D09-0EF8-4FA2-B339-5DA808F27856}"
EndProject
Project("{FAE04EC0-301F-11D3-BF4B-00C04F79EFBC}") = "Disa.Framework.Telegram.Mobile", "Disa.Framework.Telegram.Mobile\Disa.Framework.Telegram.Mobile.csproj", "{BF8CC773-49F3-45ED-8653-EBECEE6B8D11}"
EndProject
Project("{FAE04EC0-301F-11D3-BF4B-00C04F79EFBC}") = "Disa.Framework.WackyMessenger", "Disa.Framework.WackyMessenger\Disa.Framework.WackyMessenger.csproj", "{F4CA9451-6981-431A-A06A-27C3232627C2}"
EndProject
Global
	GlobalSection(SolutionConfigurationPlatforms) = preSolution
		Debug|x86 = Debug|x86
		Release|x86 = Release|x86
	EndGlobalSection
	GlobalSection(ProjectConfigurationPlatforms) = postSolution
		{575DCE77-4E2E-46E0-9BB8-FA8E5C912BFA}.Debug|x86.ActiveCfg = Debug|Any CPU
		{575DCE77-4E2E-46E0-9BB8-FA8E5C912BFA}.Debug|x86.Build.0 = Debug|Any CPU
		{575DCE77-4E2E-46E0-9BB8-FA8E5C912BFA}.Release|x86.ActiveCfg = Release|Any CPU
		{575DCE77-4E2E-46E0-9BB8-FA8E5C912BFA}.Release|x86.Build.0 = Release|Any CPU
		{82CC4D09-0EF8-4FA2-B339-5DA808F27856}.Debug|x86.ActiveCfg = Debug|Any CPU
		{82CC4D09-0EF8-4FA2-B339-5DA808F27856}.Debug|x86.Build.0 = Debug|Any CPU
		{82CC4D09-0EF8-4FA2-B339-5DA808F27856}.Release|x86.ActiveCfg = Release|Any CPU
		{82CC4D09-0EF8-4FA2-B339-5DA808F27856}.Release|x86.Build.0 = Release|Any CPU
		{9F73B5C0-CCEC-43B5-9298-E1F1D6826169}.Debug|x86.ActiveCfg = Debug|Any CPU
		{9F73B5C0-CCEC-43B5-9298-E1F1D6826169}.Debug|x86.Build.0 = Debug|Any CPU
		{9F73B5C0-CCEC-43B5-9298-E1F1D6826169}.Release|x86.ActiveCfg = Release|Any CPU
		{9F73B5C0-CCEC-43B5-9298-E1F1D6826169}.Release|x86.Build.0 = Release|Any CPU
		{BA286D80-EFDC-4237-A1EF-A925BD9EC7B6}.Debug|x86.ActiveCfg = Debug|x86
		{BA286D80-EFDC-4237-A1EF-A925BD9EC7B6}.Debug|x86.Build.0 = Debug|x86
		{BA286D80-EFDC-4237-A1EF-A925BD9EC7B6}.Release|x86.ActiveCfg = Release|x86
		{BA286D80-EFDC-4237-A1EF-A925BD9EC7B6}.Release|x86.Build.0 = Release|x86
		{BF8CC773-49F3-45ED-8653-EBECEE6B8D11}.Debug|x86.ActiveCfg = Debug|Any CPU
		{BF8CC773-49F3-45ED-8653-EBECEE6B8D11}.Debug|x86.Build.0 = Debug|Any CPU
		{BF8CC773-49F3-45ED-8653-EBECEE6B8D11}.Release|x86.ActiveCfg = Release|Any CPU
		{BF8CC773-49F3-45ED-8653-EBECEE6B8D11}.Release|x86.Build.0 = Release|Any CPU
		{F4CA9451-6981-431A-A06A-27C3232627C2}.Debug|x86.ActiveCfg = Debug|Any CPU
		{F4CA9451-6981-431A-A06A-27C3232627C2}.Debug|x86.Build.0 = Debug|Any CPU
		{F4CA9451-6981-431A-A06A-27C3232627C2}.Release|x86.ActiveCfg = Release|Any CPU
		{F4CA9451-6981-431A-A06A-27C3232627C2}.Release|x86.Build.0 = Release|Any CPU
	EndGlobalSection
EndGlobal
