
Microsoft Visual Studio Solution File, Format Version 12.00
# Visual Studio 14
VisualStudioVersion = 14.0.25123.0
MinimumVisualStudioVersion = 10.0.40219.1
Project("{FAE04EC0-301F-11D3-BF4B-00C04F79EFBC}") = "Disa.Terminal", "Disa.Terminal\Disa.Terminal.csproj", "{BA286D80-EFDC-4237-A1EF-A925BD9EC7B6}"
EndProject
Project("{FAE04EC0-301F-11D3-BF4B-00C04F79EFBC}") = "Disa.Framework", "Disa.Framework\Disa.Framework.csproj", "{9F73B5C0-CCEC-43B5-9298-E1F1D6826169}"
EndProject
Project("{FAE04EC0-301F-11D3-BF4B-00C04F79EFBC}") = "Disa.Framework.Telegram", "Disa.Framework.Telegram\Disa.Framework.Telegram.csproj", "{575DCE77-4E2E-46E0-9BB8-FA8E5C912BFA}"
EndProject
Project("{FAE04EC0-301F-11D3-BF4B-00C04F79EFBC}") = "Disa.Framework.Mobile", "Disa.Framework.Mobile\Disa.Framework.Mobile.csproj", "{82CC4D09-0EF8-4FA2-B339-5DA808F27856}"
EndProject
Project("{FAE04EC0-301F-11D3-BF4B-00C04F79EFBC}") = "Disa.Framework.Telegram.Mobile", "Disa.Framework.Telegram.Mobile\Disa.Framework.Telegram.Mobile.csproj", "{BF8CC773-49F3-45ED-8653-EBECEE6B8D11}"
EndProject
Project("{D954291E-2A0B-460D-934E-DC6B0785DB48}") = "Disa.Framework.Telegram.Shared", "Disa.Framework.Telegram.Shared\Disa.Framework.Telegram.Shared.shproj", "{F9134193-59EF-48B9-BBEB-5B663B171288}"
EndProject
Project("{D954291E-2A0B-460D-934E-DC6B0785DB48}") = "Disa.Framework.Telegram.Mobile.Shared", "Disa.Framework.Telegram.Mobile.Shared\Disa.Framework.Telegram.Mobile.Shared.shproj", "{8F00A2D9-308C-4E57-B9C4-56C418E502D5}"
EndProject
Global
	GlobalSection(SolutionConfigurationPlatforms) = preSolution
		Debug|Any CPU = Debug|Any CPU
		Debug|x86 = Debug|x86
		Release|Any CPU = Release|Any CPU
		Release|x86 = Release|x86
	EndGlobalSection
	GlobalSection(ProjectConfigurationPlatforms) = postSolution
		{BA286D80-EFDC-4237-A1EF-A925BD9EC7B6}.Debug|Any CPU.ActiveCfg = Debug|x86
		{BA286D80-EFDC-4237-A1EF-A925BD9EC7B6}.Debug|x86.ActiveCfg = Debug|x86
		{BA286D80-EFDC-4237-A1EF-A925BD9EC7B6}.Debug|x86.Build.0 = Debug|x86
		{BA286D80-EFDC-4237-A1EF-A925BD9EC7B6}.Release|Any CPU.ActiveCfg = Release|x86
		{BA286D80-EFDC-4237-A1EF-A925BD9EC7B6}.Release|x86.ActiveCfg = Release|x86
		{BA286D80-EFDC-4237-A1EF-A925BD9EC7B6}.Release|x86.Build.0 = Release|x86
		{9F73B5C0-CCEC-43B5-9298-E1F1D6826169}.Debug|Any CPU.ActiveCfg = Debug|Any CPU
		{9F73B5C0-CCEC-43B5-9298-E1F1D6826169}.Debug|Any CPU.Build.0 = Debug|Any CPU
		{9F73B5C0-CCEC-43B5-9298-E1F1D6826169}.Debug|x86.ActiveCfg = Debug|Any CPU
		{9F73B5C0-CCEC-43B5-9298-E1F1D6826169}.Debug|x86.Build.0 = Debug|Any CPU
		{9F73B5C0-CCEC-43B5-9298-E1F1D6826169}.Release|Any CPU.ActiveCfg = Release|Any CPU
		{9F73B5C0-CCEC-43B5-9298-E1F1D6826169}.Release|Any CPU.Build.0 = Release|Any CPU
		{9F73B5C0-CCEC-43B5-9298-E1F1D6826169}.Release|x86.ActiveCfg = Release|Any CPU
		{9F73B5C0-CCEC-43B5-9298-E1F1D6826169}.Release|x86.Build.0 = Release|Any CPU
		{575DCE77-4E2E-46E0-9BB8-FA8E5C912BFA}.Debug|Any CPU.ActiveCfg = Debug|Any CPU
		{575DCE77-4E2E-46E0-9BB8-FA8E5C912BFA}.Debug|Any CPU.Build.0 = Debug|Any CPU
		{575DCE77-4E2E-46E0-9BB8-FA8E5C912BFA}.Debug|x86.ActiveCfg = Debug|Any CPU
		{575DCE77-4E2E-46E0-9BB8-FA8E5C912BFA}.Debug|x86.Build.0 = Debug|Any CPU
		{575DCE77-4E2E-46E0-9BB8-FA8E5C912BFA}.Release|Any CPU.ActiveCfg = Release|Any CPU
		{575DCE77-4E2E-46E0-9BB8-FA8E5C912BFA}.Release|Any CPU.Build.0 = Release|Any CPU
		{575DCE77-4E2E-46E0-9BB8-FA8E5C912BFA}.Release|x86.ActiveCfg = Release|Any CPU
		{575DCE77-4E2E-46E0-9BB8-FA8E5C912BFA}.Release|x86.Build.0 = Release|Any CPU
		{82CC4D09-0EF8-4FA2-B339-5DA808F27856}.Debug|Any CPU.ActiveCfg = Debug|Any CPU
		{82CC4D09-0EF8-4FA2-B339-5DA808F27856}.Debug|Any CPU.Build.0 = Debug|Any CPU
		{82CC4D09-0EF8-4FA2-B339-5DA808F27856}.Debug|x86.ActiveCfg = Debug|Any CPU
		{82CC4D09-0EF8-4FA2-B339-5DA808F27856}.Debug|x86.Build.0 = Debug|Any CPU
		{82CC4D09-0EF8-4FA2-B339-5DA808F27856}.Release|Any CPU.ActiveCfg = Release|Any CPU
		{82CC4D09-0EF8-4FA2-B339-5DA808F27856}.Release|Any CPU.Build.0 = Release|Any CPU
		{82CC4D09-0EF8-4FA2-B339-5DA808F27856}.Release|x86.ActiveCfg = Release|Any CPU
		{82CC4D09-0EF8-4FA2-B339-5DA808F27856}.Release|x86.Build.0 = Release|Any CPU
		{BF8CC773-49F3-45ED-8653-EBECEE6B8D11}.Debug|Any CPU.ActiveCfg = Debug|Any CPU
		{BF8CC773-49F3-45ED-8653-EBECEE6B8D11}.Debug|Any CPU.Build.0 = Debug|Any CPU
		{BF8CC773-49F3-45ED-8653-EBECEE6B8D11}.Debug|x86.ActiveCfg = Debug|Any CPU
		{BF8CC773-49F3-45ED-8653-EBECEE6B8D11}.Debug|x86.Build.0 = Debug|Any CPU
		{BF8CC773-49F3-45ED-8653-EBECEE6B8D11}.Release|Any CPU.ActiveCfg = Release|Any CPU
		{BF8CC773-49F3-45ED-8653-EBECEE6B8D11}.Release|Any CPU.Build.0 = Release|Any CPU
		{BF8CC773-49F3-45ED-8653-EBECEE6B8D11}.Release|x86.ActiveCfg = Release|Any CPU
		{BF8CC773-49F3-45ED-8653-EBECEE6B8D11}.Release|x86.Build.0 = Release|Any CPU
	EndGlobalSection
	GlobalSection(SolutionProperties) = preSolution
		HideSolutionNode = FALSE
	EndGlobalSection
EndGlobal
